// !$*UTF8*$!
{
	archiveVersion = 1;
	classes = {
	};
	objectVersion = 46;
	objects = {

/* Begin PBXBuildFile section */
		63B5882A1B30AAE600C9919A /* AppDelegate.swift in Sources */ = {isa = PBXBuildFile; fileRef = 63B588291B30AAE600C9919A /* AppDelegate.swift */; };
		63B5882C1B30AAE600C9919A /* ViewController.swift in Sources */ = {isa = PBXBuildFile; fileRef = 63B5882B1B30AAE600C9919A /* ViewController.swift */; };
		63B5882F1B30AAE600C9919A /* Main.storyboard in Resources */ = {isa = PBXBuildFile; fileRef = 63B5882D1B30AAE600C9919A /* Main.storyboard */; };
		63B588311B30AAE600C9919A /* Images.xcassets in Resources */ = {isa = PBXBuildFile; fileRef = 63B588301B30AAE600C9919A /* Images.xcassets */; };
		63B588341B30AAE600C9919A /* LaunchScreen.xib in Resources */ = {isa = PBXBuildFile; fileRef = 63B588321B30AAE600C9919A /* LaunchScreen.xib */; };
		63B588401B30AAE600C9919A /* MoodyTests.swift in Sources */ = {isa = PBXBuildFile; fileRef = 63B5883F1B30AAE600C9919A /* MoodyTests.swift */; };
		923A838826E36380E8AD9EDF /* Pods.framework in Frameworks */ = {isa = PBXBuildFile; fileRef = 42E95215CAF09D01AC18674A /* Pods.framework */; settings = {ATTRIBUTES = (Weak, ); }; };
/* End PBXBuildFile section */

/* Begin PBXContainerItemProxy section */
		63B5883A1B30AAE600C9919A /* PBXContainerItemProxy */ = {
			isa = PBXContainerItemProxy;
			containerPortal = 63B5881C1B30AAE600C9919A /* Project object */;
			proxyType = 1;
			remoteGlobalIDString = 63B588231B30AAE600C9919A;
			remoteInfo = Moody;
		};
/* End PBXContainerItemProxy section */

/* Begin PBXFileReference section */
		42E95215CAF09D01AC18674A /* Pods.framework */ = {isa = PBXFileReference; explicitFileType = wrapper.framework; includeInIndex = 0; path = Pods.framework; sourceTree = BUILT_PRODUCTS_DIR; };
		4E1189625CE26B5BDE268074 /* Pods.debug.xcconfig */ = {isa = PBXFileReference; includeInIndex = 1; lastKnownFileType = text.xcconfig; name = Pods.debug.xcconfig; path = "Pods/Target Support Files/Pods/Pods.debug.xcconfig"; sourceTree = "<group>"; };
		63B588241B30AAE600C9919A /* Moody.app */ = {isa = PBXFileReference; explicitFileType = wrapper.application; includeInIndex = 0; path = Moody.app; sourceTree = BUILT_PRODUCTS_DIR; };
		63B588281B30AAE600C9919A /* Info.plist */ = {isa = PBXFileReference; lastKnownFileType = text.plist.xml; path = Info.plist; sourceTree = "<group>"; };
		63B588291B30AAE600C9919A /* AppDelegate.swift */ = {isa = PBXFileReference; lastKnownFileType = sourcecode.swift; path = AppDelegate.swift; sourceTree = "<group>"; };
		63B5882B1B30AAE600C9919A /* ViewController.swift */ = {isa = PBXFileReference; lastKnownFileType = sourcecode.swift; path = ViewController.swift; sourceTree = "<group>"; };
		63B5882E1B30AAE600C9919A /* Base */ = {isa = PBXFileReference; lastKnownFileType = file.storyboard; name = Base; path = Base.lproj/Main.storyboard; sourceTree = "<group>"; };
		63B588301B30AAE600C9919A /* Images.xcassets */ = {isa = PBXFileReference; lastKnownFileType = folder.assetcatalog; path = Images.xcassets; sourceTree = "<group>"; };
		63B588331B30AAE600C9919A /* Base */ = {isa = PBXFileReference; lastKnownFileType = file.xib; name = Base; path = Base.lproj/LaunchScreen.xib; sourceTree = "<group>"; };
		63B588391B30AAE600C9919A /* MoodyTests.xctest */ = {isa = PBXFileReference; explicitFileType = wrapper.cfbundle; includeInIndex = 0; path = MoodyTests.xctest; sourceTree = BUILT_PRODUCTS_DIR; };
		63B5883E1B30AAE600C9919A /* Info.plist */ = {isa = PBXFileReference; lastKnownFileType = text.plist.xml; path = Info.plist; sourceTree = "<group>"; };
		63B5883F1B30AAE600C9919A /* MoodyTests.swift */ = {isa = PBXFileReference; lastKnownFileType = sourcecode.swift; path = MoodyTests.swift; sourceTree = "<group>"; };
		972816E6819285E2B98F00B5 /* Pods.release.xcconfig */ = {isa = PBXFileReference; includeInIndex = 1; lastKnownFileType = text.xcconfig; name = Pods.release.xcconfig; path = "Pods/Target Support Files/Pods/Pods.release.xcconfig"; sourceTree = "<group>"; };
/* End PBXFileReference section */

/* Begin PBXFrameworksBuildPhase section */
		63B588211B30AAE600C9919A /* Frameworks */ = {
			isa = PBXFrameworksBuildPhase;
			buildActionMask = 2147483647;
			files = (
				923A838826E36380E8AD9EDF /* Pods.framework in Frameworks */,
			);
			runOnlyForDeploymentPostprocessing = 0;
		};
		63B588361B30AAE600C9919A /* Frameworks */ = {
			isa = PBXFrameworksBuildPhase;
			buildActionMask = 2147483647;
			files = (
			);
			runOnlyForDeploymentPostprocessing = 0;
		};
/* End PBXFrameworksBuildPhase section */

/* Begin PBXGroup section */
		25E39ABFEFD7D81F30ACAE0D /* Pods */ = {
			isa = PBXGroup;
			children = (
				4E1189625CE26B5BDE268074 /* Pods.debug.xcconfig */,
				972816E6819285E2B98F00B5 /* Pods.release.xcconfig */,
			);
			name = Pods;
			sourceTree = "<group>";
		};
		63B5881B1B30AAE600C9919A = {
			isa = PBXGroup;
			children = (
				63B588261B30AAE600C9919A /* Moody */,
				63B5883C1B30AAE600C9919A /* MoodyTests */,
				63B588251B30AAE600C9919A /* Products */,
				25E39ABFEFD7D81F30ACAE0D /* Pods */,
				B44E38BF30F1ACF0AF04AFCF /* Frameworks */,
			);
			sourceTree = "<group>";
		};
		63B588251B30AAE600C9919A /* Products */ = {
			isa = PBXGroup;
			children = (
				63B588241B30AAE600C9919A /* Moody.app */,
				63B588391B30AAE600C9919A /* MoodyTests.xctest */,
			);
			name = Products;
			sourceTree = "<group>";
		};
		63B588261B30AAE600C9919A /* Moody */ = {
			isa = PBXGroup;
			children = (
				63B588291B30AAE600C9919A /* AppDelegate.swift */,
				63B5882B1B30AAE600C9919A /* ViewController.swift */,
				63B5882D1B30AAE600C9919A /* Main.storyboard */,
				63B588301B30AAE600C9919A /* Images.xcassets */,
				63B588321B30AAE600C9919A /* LaunchScreen.xib */,
				63B588271B30AAE600C9919A /* Supporting Files */,
			);
			path = Moody;
			sourceTree = "<group>";
		};
		63B588271B30AAE600C9919A /* Supporting Files */ = {
			isa = PBXGroup;
			children = (
				63B588281B30AAE600C9919A /* Info.plist */,
			);
			name = "Supporting Files";
			sourceTree = "<group>";
		};
		63B5883C1B30AAE600C9919A /* MoodyTests */ = {
			isa = PBXGroup;
			children = (
				63B5883F1B30AAE600C9919A /* MoodyTests.swift */,
				63B5883D1B30AAE600C9919A /* Supporting Files */,
			);
			path = MoodyTests;
			sourceTree = "<group>";
		};
		63B5883D1B30AAE600C9919A /* Supporting Files */ = {
			isa = PBXGroup;
			children = (
				63B5883E1B30AAE600C9919A /* Info.plist */,
			);
			name = "Supporting Files";
			sourceTree = "<group>";
		};
		B44E38BF30F1ACF0AF04AFCF /* Frameworks */ = {
			isa = PBXGroup;
			children = (
				42E95215CAF09D01AC18674A /* Pods.framework */,
			);
			name = Frameworks;
			sourceTree = "<group>";
		};
/* End PBXGroup section */

/* Begin PBXNativeTarget section */
		63B588231B30AAE600C9919A /* Moody */ = {
			isa = PBXNativeTarget;
			buildConfigurationList = 63B588431B30AAE600C9919A /* Build configuration list for PBXNativeTarget "Moody" */;
			buildPhases = (
				C55D591D427CF8477A6FBBF3 /* Check Pods Manifest.lock */,
				63B588201B30AAE600C9919A /* Sources */,
				63B588211B30AAE600C9919A /* Frameworks */,
				63B588221B30AAE600C9919A /* Resources */,
				8D4E464B82F67114C233A8AB /* Embed Pods Frameworks */,
				90F91E52924B39E3083EEDE7 /* Copy Pods Resources */,
			);
			buildRules = (
			);
			dependencies = (
			);
			name = Moody;
			productName = Moody;
			productReference = 63B588241B30AAE600C9919A /* Moody.app */;
			productType = "com.apple.product-type.application";
		};
		63B588381B30AAE600C9919A /* MoodyTests */ = {
			isa = PBXNativeTarget;
			buildConfigurationList = 63B588461B30AAE600C9919A /* Build configuration list for PBXNativeTarget "MoodyTests" */;
			buildPhases = (
				63B588351B30AAE600C9919A /* Sources */,
				63B588361B30AAE600C9919A /* Frameworks */,
				63B588371B30AAE600C9919A /* Resources */,
			);
			buildRules = (
			);
			dependencies = (
				63B5883B1B30AAE600C9919A /* PBXTargetDependency */,
			);
			name = MoodyTests;
			productName = MoodyTests;
			productReference = 63B588391B30AAE600C9919A /* MoodyTests.xctest */;
			productType = "com.apple.product-type.bundle.unit-test";
		};
/* End PBXNativeTarget section */

/* Begin PBXProject section */
		63B5881C1B30AAE600C9919A /* Project object */ = {
			isa = PBXProject;
			attributes = {
				LastUpgradeCheck = 0630;
				ORGANIZATIONNAME = Moody;
				TargetAttributes = {
					63B588231B30AAE600C9919A = {
						CreatedOnToolsVersion = 6.3.2;
					};
					63B588381B30AAE600C9919A = {
						CreatedOnToolsVersion = 6.3.2;
						TestTargetID = 63B588231B30AAE600C9919A;
					};
				};
			};
			buildConfigurationList = 63B5881F1B30AAE600C9919A /* Build configuration list for PBXProject "Moody" */;
			compatibilityVersion = "Xcode 3.2";
			developmentRegion = English;
			hasScannedForEncodings = 0;
			knownRegions = (
				en,
				Base,
			);
			mainGroup = 63B5881B1B30AAE600C9919A;
			productRefGroup = 63B588251B30AAE600C9919A /* Products */;
			projectDirPath = "";
			projectRoot = "";
			targets = (
				63B588231B30AAE600C9919A /* Moody */,
				63B588381B30AAE600C9919A /* MoodyTests */,
			);
		};
/* End PBXProject section */

/* Begin PBXResourcesBuildPhase section */
		63B588221B30AAE600C9919A /* Resources */ = {
			isa = PBXResourcesBuildPhase;
			buildActionMask = 2147483647;
			files = (
				63B5882F1B30AAE600C9919A /* Main.storyboard in Resources */,
				63B588341B30AAE600C9919A /* LaunchScreen.xib in Resources */,
				63B588311B30AAE600C9919A /* Images.xcassets in Resources */,
			);
			runOnlyForDeploymentPostprocessing = 0;
		};
		63B588371B30AAE600C9919A /* Resources */ = {
			isa = PBXResourcesBuildPhase;
			buildActionMask = 2147483647;
			files = (
			);
			runOnlyForDeploymentPostprocessing = 0;
		};
/* End PBXResourcesBuildPhase section */

/* Begin PBXShellScriptBuildPhase section */
		8D4E464B82F67114C233A8AB /* Embed Pods Frameworks */ = {
			isa = PBXShellScriptBuildPhase;
			buildActionMask = 2147483647;
			files = (
			);
			inputPaths = (
			);
			name = "Embed Pods Frameworks";
			outputPaths = (
			);
			runOnlyForDeploymentPostprocessing = 0;
			shellPath = /bin/sh;
			shellScript = "\"${SRCROOT}/Pods/Target Support Files/Pods/Pods-frameworks.sh\"\n";
			showEnvVarsInLog = 0;
		};
		90F91E52924B39E3083EEDE7 /* Copy Pods Resources */ = {
			isa = PBXShellScriptBuildPhase;
			buildActionMask = 2147483647;
			files = (
			);
			inputPaths = (
			);
			name = "Copy Pods Resources";
			outputPaths = (
			);
			runOnlyForDeploymentPostprocessing = 0;
			shellPath = /bin/sh;
			shellScript = "\"${SRCROOT}/Pods/Target Support Files/Pods/Pods-resources.sh\"\n";
			showEnvVarsInLog = 0;
		};
		C55D591D427CF8477A6FBBF3 /* Check Pods Manifest.lock */ = {
			isa = PBXShellScriptBuildPhase;
			buildActionMask = 2147483647;
			files = (
			);
			inputPaths = (
			);
			name = "Check Pods Manifest.lock";
			outputPaths = (
			);
			runOnlyForDeploymentPostprocessing = 0;
			shellPath = /bin/sh;
			shellScript = "diff \"${PODS_ROOT}/../Podfile.lock\" \"${PODS_ROOT}/Manifest.lock\" > /dev/null\nif [[ $? != 0 ]] ; then\n    cat << EOM\nerror: The sandbox is not in sync with the Podfile.lock. Run 'pod install' or update your CocoaPods installation.\nEOM\n    exit 1\nfi\n";
			showEnvVarsInLog = 0;
		};
/* End PBXShellScriptBuildPhase section */

/* Begin PBXSourcesBuildPhase section */
		63B588201B30AAE600C9919A /* Sources */ = {
			isa = PBXSourcesBuildPhase;
			buildActionMask = 2147483647;
			files = (
				63B5882C1B30AAE600C9919A /* ViewController.swift in Sources */,
				63B5882A1B30AAE600C9919A /* AppDelegate.swift in Sources */,
			);
			runOnlyForDeploymentPostprocessing = 0;
		};
		63B588351B30AAE600C9919A /* Sources */ = {
			isa = PBXSourcesBuildPhase;
			buildActionMask = 2147483647;
			files = (
				63B588401B30AAE600C9919A /* MoodyTests.swift in Sources */,
			);
			runOnlyForDeploymentPostprocessing = 0;
		};
/* End PBXSourcesBuildPhase section */

/* Begin PBXTargetDependency section */
		63B5883B1B30AAE600C9919A /* PBXTargetDependency */ = {
			isa = PBXTargetDependency;
			target = 63B588231B30AAE600C9919A /* Moody */;
			targetProxy = 63B5883A1B30AAE600C9919A /* PBXContainerItemProxy */;
		};
/* End PBXTargetDependency section */

/* Begin PBXVariantGroup section */
		63B5882D1B30AAE600C9919A /* Main.storyboard */ = {
			isa = PBXVariantGroup;
			children = (
				63B5882E1B30AAE600C9919A /* Base */,
			);
			name = Main.storyboard;
			sourceTree = "<group>";
		};
		63B588321B30AAE600C9919A /* LaunchScreen.xib */ = {
			isa = PBXVariantGroup;
			children = (
				63B588331B30AAE600C9919A /* Base */,
			);
			name = LaunchScreen.xib;
			sourceTree = "<group>";
		};
/* End PBXVariantGroup section */

/* Begin XCBuildConfiguration section */
		63B588411B30AAE600C9919A /* Debug */ = {
			isa = XCBuildConfiguration;
			buildSettings = {
				ALWAYS_SEARCH_USER_PATHS = NO;
				CLANG_CXX_LANGUAGE_STANDARD = "gnu++0x";
				CLANG_CXX_LIBRARY = "libc++";
				CLANG_ENABLE_MODULES = YES;
				CLANG_ENABLE_OBJC_ARC = YES;
				CLANG_WARN_BOOL_CONVERSION = YES;
				CLANG_WARN_CONSTANT_CONVERSION = YES;
				CLANG_WARN_DIRECT_OBJC_ISA_USAGE = YES_ERROR;
				CLANG_WARN_EMPTY_BODY = YES;
				CLANG_WARN_ENUM_CONVERSION = YES;
				CLANG_WARN_INT_CONVERSION = YES;
				CLANG_WARN_OBJC_ROOT_CLASS = YES_ERROR;
				CLANG_WARN_UNREACHABLE_CODE = YES;
				CLANG_WARN__DUPLICATE_METHOD_MATCH = YES;
				"CODE_SIGN_IDENTITY[sdk=iphoneos*]" = "iPhone Developer";
				COPY_PHASE_STRIP = NO;
				DEBUG_INFORMATION_FORMAT = "dwarf-with-dsym";
				ENABLE_STRICT_OBJC_MSGSEND = YES;
				GCC_C_LANGUAGE_STANDARD = gnu99;
				GCC_DYNAMIC_NO_PIC = NO;
				GCC_NO_COMMON_BLOCKS = YES;
				GCC_OPTIMIZATION_LEVEL = 0;
				GCC_PREPROCESSOR_DEFINITIONS = (
					"DEBUG=1",
					"$(inherited)",
				);
				GCC_SYMBOLS_PRIVATE_EXTERN = NO;
				GCC_WARN_64_TO_32_BIT_CONVERSION = YES;
				GCC_WARN_ABOUT_RETURN_TYPE = YES_ERROR;
				GCC_WARN_UNDECLARED_SELECTOR = YES;
				GCC_WARN_UNINITIALIZED_AUTOS = YES_AGGRESSIVE;
				GCC_WARN_UNUSED_FUNCTION = YES;
				GCC_WARN_UNUSED_VARIABLE = YES;
				IPHONEOS_DEPLOYMENT_TARGET = 8.3;
				MTL_ENABLE_DEBUG_INFO = YES;
				ONLY_ACTIVE_ARCH = YES;
				SDKROOT = iphoneos;
				SWIFT_OPTIMIZATION_LEVEL = "-Onone";
			};
			name = Debug;
		};
		63B588421B30AAE600C9919A /* Release */ = {
			isa = XCBuildConfiguration;
			buildSettings = {
				ALWAYS_SEARCH_USER_PATHS = NO;
				CLANG_CXX_LANGUAGE_STANDARD = "gnu++0x";
				CLANG_CXX_LIBRARY = "libc++";
				CLANG_ENABLE_MODULES = YES;
				CLANG_ENABLE_OBJC_ARC = YES;
				CLANG_WARN_BOOL_CONVERSION = YES;
				CLANG_WARN_CONSTANT_CONVERSION = YES;
				CLANG_WARN_DIRECT_OBJC_ISA_USAGE = YES_ERROR;
				CLANG_WARN_EMPTY_BODY = YES;
				CLANG_WARN_ENUM_CONVERSION = YES;
				CLANG_WARN_INT_CONVERSION = YES;
				CLANG_WARN_OBJC_ROOT_CLASS = YES_ERROR;
				CLANG_WARN_UNREACHABLE_CODE = YES;
				CLANG_WARN__DUPLICATE_METHOD_MATCH = YES;
				"CODE_SIGN_IDENTITY[sdk=iphoneos*]" = "iPhone Developer";
				COPY_PHASE_STRIP = NO;
				DEBUG_INFORMATION_FORMAT = "dwarf-with-dsym";
				ENABLE_NS_ASSERTIONS = NO;
				ENABLE_STRICT_OBJC_MSGSEND = YES;
				GCC_C_LANGUAGE_STANDARD = gnu99;
				GCC_NO_COMMON_BLOCKS = YES;
				GCC_WARN_64_TO_32_BIT_CONVERSION = YES;
				GCC_WARN_ABOUT_RETURN_TYPE = YES_ERROR;
				GCC_WARN_UNDECLARED_SELECTOR = YES;
				GCC_WARN_UNINITIALIZED_AUTOS = YES_AGGRESSIVE;
				GCC_WARN_UNUSED_FUNCTION = YES;
				GCC_WARN_UNUSED_VARIABLE = YES;
				IPHONEOS_DEPLOYMENT_TARGET = 8.3;
				MTL_ENABLE_DEBUG_INFO = NO;
				SDKROOT = iphoneos;
				VALIDATE_PRODUCT = YES;
			};
			name = Release;
		};
		63B588441B30AAE600C9919A /* Debug */ = {
			isa = XCBuildConfiguration;
			baseConfigurationReference = 4E1189625CE26B5BDE268074 /* Pods.debug.xcconfig */;
			buildSettings = {
				ASSETCATALOG_COMPILER_APPICON_NAME = AppIcon;
				INFOPLIST_FILE = Moody/Info.plist;
				LD_RUNPATH_SEARCH_PATHS = "$(inherited) @executable_path/Frameworks";
				PRODUCT_NAME = "$(TARGET_NAME)";
				TARGETED_DEVICE_FAMILY = "1,2";
			};
			name = Debug;
		};
		63B588451B30AAE600C9919A /* Release */ = {
			isa = XCBuildConfiguration;
			baseConfigurationReference = 972816E6819285E2B98F00B5 /* Pods.release.xcconfig */;
			buildSettings = {
				ASSETCATALOG_COMPILER_APPICON_NAME = AppIcon;
				INFOPLIST_FILE = Moody/Info.plist;
				LD_RUNPATH_SEARCH_PATHS = "$(inherited) @executable_path/Frameworks";
				PRODUCT_NAME = "$(TARGET_NAME)";
				TARGETED_DEVICE_FAMILY = "1,2";
			};
			name = Release;
		};
		63B588471B30AAE600C9919A /* Debug */ = {
			isa = XCBuildConfiguration;
			buildSettings = {
				BUNDLE_LOADER = "$(TEST_HOST)";
				FRAMEWORK_SEARCH_PATHS = (
					"$(SDKROOT)/Developer/Library/Frameworks",
					"$(inherited)",
				);
				GCC_PREPROCESSOR_DEFINITIONS = (
					"DEBUG=1",
					"$(inherited)",
				);
				INFOPLIST_FILE = MoodyTests/Info.plist;
				LD_RUNPATH_SEARCH_PATHS = "$(inherited) @executable_path/Frameworks @loader_path/Frameworks";
				PRODUCT_NAME = "$(TARGET_NAME)";
				TEST_HOST = "$(BUILT_PRODUCTS_DIR)/Moody.app/Moody";
			};
			name = Debug;
		};
		63B588481B30AAE600C9919A /* Release */ = {
			isa = XCBuildConfiguration;
			buildSettings = {
				BUNDLE_LOADER = "$(TEST_HOST)";
				FRAMEWORK_SEARCH_PATHS = (
					"$(SDKROOT)/Developer/Library/Frameworks",
					"$(inherited)",
				);
				INFOPLIST_FILE = MoodyTests/Info.plist;
				LD_RUNPATH_SEARCH_PATHS = "$(inherited) @executable_path/Frameworks @loader_path/Frameworks";
				PRODUCT_NAME = "$(TARGET_NAME)";
				TEST_HOST = "$(BUILT_PRODUCTS_DIR)/Moody.app/Moody";
			};
			name = Release;
		};
/* End XCBuildConfiguration section */

/* Begin XCConfigurationList section */
		63B5881F1B30AAE600C9919A /* Build configuration list for PBXProject "Moody" */ = {
			isa = XCConfigurationList;
			buildConfigurations = (
				63B588411B30AAE600C9919A /* Debug */,
				63B588421B30AAE600C9919A /* Release */,
			);
			defaultConfigurationIsVisible = 0;
			defaultConfigurationName = Release;
		};
		63B588431B30AAE600C9919A /* Build configuration list for PBXNativeTarget "Moody" */ = {
			isa = XCConfigurationList;
			buildConfigurations = (
				63B588441B30AAE600C9919A /* Debug */,
				63B588451B30AAE600C9919A /* Release */,
			);
			defaultConfigurationIsVisible = 0;
			defaultConfigurationName = Release;
		};
		63B588461B30AAE600C9919A /* Build configuration list for PBXNativeTarget "MoodyTests" */ = {
			isa = XCConfigurationList;
			buildConfigurations = (
				63B588471B30AAE600C9919A /* Debug */,
				63B588481B30AAE600C9919A /* Release */,
			);
			defaultConfigurationIsVisible = 0;
			defaultConfigurationName = Release;
		};
/* End XCConfigurationList section */
	};
	rootObject = 63B5881C1B30AAE600C9919A /* Project object */;
}
